// !$*UTF8*$!
{
	archiveVersion = 1;
	classes = {
	};
	objectVersion = 46;
	objects = {

/* Begin PBXBuildFile section */
		705F7D601BFA2DE400BE7723 /* AppDelegate.swift in Sources */ = {isa = PBXBuildFile; fileRef = 705F7D5F1BFA2DE400BE7723 /* AppDelegate.swift */; };
		705F7D621BFA2DE400BE7723 /* ViewController.swift in Sources */ = {isa = PBXBuildFile; fileRef = 705F7D611BFA2DE400BE7723 /* ViewController.swift */; };
		705F7D651BFA2DE400BE7723 /* Main.storyboard in Resources */ = {isa = PBXBuildFile; fileRef = 705F7D631BFA2DE400BE7723 /* Main.storyboard */; };
		705F7D671BFA2DE400BE7723 /* Assets.xcassets in Resources */ = {isa = PBXBuildFile; fileRef = 705F7D661BFA2DE400BE7723 /* Assets.xcassets */; };
		705F7D6A1BFA2DE400BE7723 /* LaunchScreen.storyboard in Resources */ = {isa = PBXBuildFile; fileRef = 705F7D681BFA2DE400BE7723 /* LaunchScreen.storyboard */; };
		705F7D751BFA2DE400BE7723 /* UnitTestingTests.swift in Sources */ = {isa = PBXBuildFile; fileRef = 705F7D741BFA2DE400BE7723 /* UnitTestingTests.swift */; };
		705F7D801BFA2DE400BE7723 /* UnitTestingUITests.swift in Sources */ = {isa = PBXBuildFile; fileRef = 705F7D7F1BFA2DE400BE7723 /* UnitTestingUITests.swift */; };
/* End PBXBuildFile section */

/* Begin PBXContainerItemProxy section */
		705F7D711BFA2DE400BE7723 /* PBXContainerItemProxy */ = {
			isa = PBXContainerItemProxy;
			containerPortal = 705F7D541BFA2DE300BE7723 /* Project object */;
			proxyType = 1;
			remoteGlobalIDString = 705F7D5B1BFA2DE400BE7723;
			remoteInfo = UnitTesting;
		};
		705F7D7C1BFA2DE400BE7723 /* PBXContainerItemProxy */ = {
			isa = PBXContainerItemProxy;
			containerPortal = 705F7D541BFA2DE300BE7723 /* Project object */;
			proxyType = 1;
			remoteGlobalIDString = 705F7D5B1BFA2DE400BE7723;
			remoteInfo = UnitTesting;
		};
/* End PBXContainerItemProxy section */

/* Begin PBXFileReference section */
		705F7D5C1BFA2DE400BE7723 /* UnitTesting.app */ = {isa = PBXFileReference; explicitFileType = wrapper.application; includeInIndex = 0; path = UnitTesting.app; sourceTree = BUILT_PRODUCTS_DIR; };
		705F7D5F1BFA2DE400BE7723 /* AppDelegate.swift */ = {isa = PBXFileReference; lastKnownFileType = sourcecode.swift; path = AppDelegate.swift; sourceTree = "<group>"; };
		705F7D611BFA2DE400BE7723 /* ViewController.swift */ = {isa = PBXFileReference; lastKnownFileType = sourcecode.swift; path = ViewController.swift; sourceTree = "<group>"; };
		705F7D641BFA2DE400BE7723 /* Base */ = {isa = PBXFileReference; lastKnownFileType = file.storyboard; name = Base; path = Base.lproj/Main.storyboard; sourceTree = "<group>"; };
		705F7D661BFA2DE400BE7723 /* Assets.xcassets */ = {isa = PBXFileReference; lastKnownFileType = folder.assetcatalog; path = Assets.xcassets; sourceTree = "<group>"; };
		705F7D691BFA2DE400BE7723 /* Base */ = {isa = PBXFileReference; lastKnownFileType = file.storyboard; name = Base; path = Base.lproj/LaunchScreen.storyboard; sourceTree = "<group>"; };
		705F7D6B1BFA2DE400BE7723 /* Info.plist */ = {isa = PBXFileReference; lastKnownFileType = text.plist.xml; path = Info.plist; sourceTree = "<group>"; };
		705F7D701BFA2DE400BE7723 /* UnitTestingTests.xctest */ = {isa = PBXFileReference; explicitFileType = wrapper.cfbundle; includeInIndex = 0; path = UnitTestingTests.xctest; sourceTree = BUILT_PRODUCTS_DIR; };
		705F7D741BFA2DE400BE7723 /* UnitTestingTests.swift */ = {isa = PBXFileReference; lastKnownFileType = sourcecode.swift; path = UnitTestingTests.swift; sourceTree = "<group>"; };
		705F7D761BFA2DE400BE7723 /* Info.plist */ = {isa = PBXFileReference; lastKnownFileType = text.plist.xml; path = Info.plist; sourceTree = "<group>"; };
		705F7D7B1BFA2DE400BE7723 /* UnitTestingUITests.xctest */ = {isa = PBXFileReference; explicitFileType = wrapper.cfbundle; includeInIndex = 0; path = UnitTestingUITests.xctest; sourceTree = BUILT_PRODUCTS_DIR; };
		705F7D7F1BFA2DE400BE7723 /* UnitTestingUITests.swift */ = {isa = PBXFileReference; lastKnownFileType = sourcecode.swift; path = UnitTestingUITests.swift; sourceTree = "<group>"; };
		705F7D811BFA2DE400BE7723 /* Info.plist */ = {isa = PBXFileReference; lastKnownFileType = text.plist.xml; path = Info.plist; sourceTree = "<group>"; };
/* End PBXFileReference section */

/* Begin PBXFrameworksBuildPhase section */
		705F7D591BFA2DE400BE7723 /* Frameworks */ = {
			isa = PBXFrameworksBuildPhase;
			buildActionMask = 2147483647;
			files = (
			);
			runOnlyForDeploymentPostprocessing = 0;
		};
		705F7D6D1BFA2DE400BE7723 /* Frameworks */ = {
			isa = PBXFrameworksBuildPhase;
			buildActionMask = 2147483647;
			files = (
			);
			runOnlyForDeploymentPostprocessing = 0;
		};
		705F7D781BFA2DE400BE7723 /* Frameworks */ = {
			isa = PBXFrameworksBuildPhase;
			buildActionMask = 2147483647;
			files = (
			);
			runOnlyForDeploymentPostprocessing = 0;
		};
/* End PBXFrameworksBuildPhase section */

/* Begin PBXGroup section */
		705F7D531BFA2DE300BE7723 = {
			isa = PBXGroup;
			children = (
				705F7D5E1BFA2DE400BE7723 /* UnitTesting */,
				705F7D731BFA2DE400BE7723 /* UnitTestingTests */,
				705F7D7E1BFA2DE400BE7723 /* UnitTestingUITests */,
				705F7D5D1BFA2DE400BE7723 /* Products */,
			);
			sourceTree = "<group>";
		};
		705F7D5D1BFA2DE400BE7723 /* Products */ = {
			isa = PBXGroup;
			children = (
				705F7D5C1BFA2DE400BE7723 /* UnitTesting.app */,
				705F7D701BFA2DE400BE7723 /* UnitTestingTests.xctest */,
				705F7D7B1BFA2DE400BE7723 /* UnitTestingUITests.xctest */,
			);
			name = Products;
			sourceTree = "<group>";
		};
		705F7D5E1BFA2DE400BE7723 /* UnitTesting */ = {
			isa = PBXGroup;
			children = (
				705F7D5F1BFA2DE400BE7723 /* AppDelegate.swift */,
				705F7D611BFA2DE400BE7723 /* ViewController.swift */,
				705F7D631BFA2DE400BE7723 /* Main.storyboard */,
				705F7D661BFA2DE400BE7723 /* Assets.xcassets */,
				705F7D681BFA2DE400BE7723 /* LaunchScreen.storyboard */,
				705F7D6B1BFA2DE400BE7723 /* Info.plist */,
			);
			path = UnitTesting;
			sourceTree = "<group>";
		};
		705F7D731BFA2DE400BE7723 /* UnitTestingTests */ = {
			isa = PBXGroup;
			children = (
				705F7D741BFA2DE400BE7723 /* UnitTestingTests.swift */,
				705F7D761BFA2DE400BE7723 /* Info.plist */,
			);
			path = UnitTestingTests;
			sourceTree = "<group>";
		};
		705F7D7E1BFA2DE400BE7723 /* UnitTestingUITests */ = {
			isa = PBXGroup;
			children = (
				705F7D7F1BFA2DE400BE7723 /* UnitTestingUITests.swift */,
				705F7D811BFA2DE400BE7723 /* Info.plist */,
			);
			path = UnitTestingUITests;
			sourceTree = "<group>";
		};
/* End PBXGroup section */

/* Begin PBXNativeTarget section */
		705F7D5B1BFA2DE400BE7723 /* UnitTesting */ = {
			isa = PBXNativeTarget;
			buildConfigurationList = 705F7D841BFA2DE400BE7723 /* Build configuration list for PBXNativeTarget "UnitTesting" */;
			buildPhases = (
				705F7D581BFA2DE400BE7723 /* Sources */,
				705F7D591BFA2DE400BE7723 /* Frameworks */,
				705F7D5A1BFA2DE400BE7723 /* Resources */,
			);
			buildRules = (
			);
			dependencies = (
			);
			name = UnitTesting;
			productName = UnitTesting;
			productReference = 705F7D5C1BFA2DE400BE7723 /* UnitTesting.app */;
			productType = "com.apple.product-type.application";
		};
		705F7D6F1BFA2DE400BE7723 /* UnitTestingTests */ = {
			isa = PBXNativeTarget;
			buildConfigurationList = 705F7D871BFA2DE400BE7723 /* Build configuration list for PBXNativeTarget "UnitTestingTests" */;
			buildPhases = (
				705F7D6C1BFA2DE400BE7723 /* Sources */,
				705F7D6D1BFA2DE400BE7723 /* Frameworks */,
				705F7D6E1BFA2DE400BE7723 /* Resources */,
			);
			buildRules = (
			);
			dependencies = (
				705F7D721BFA2DE400BE7723 /* PBXTargetDependency */,
			);
			name = UnitTestingTests;
			productName = UnitTestingTests;
			productReference = 705F7D701BFA2DE400BE7723 /* UnitTestingTests.xctest */;
			productType = "com.apple.product-type.bundle.unit-test";
		};
		705F7D7A1BFA2DE400BE7723 /* UnitTestingUITests */ = {
			isa = PBXNativeTarget;
			buildConfigurationList = 705F7D8A1BFA2DE400BE7723 /* Build configuration list for PBXNativeTarget "UnitTestingUITests" */;
			buildPhases = (
				705F7D771BFA2DE400BE7723 /* Sources */,
				705F7D781BFA2DE400BE7723 /* Frameworks */,
				705F7D791BFA2DE400BE7723 /* Resources */,
			);
			buildRules = (
			);
			dependencies = (
				705F7D7D1BFA2DE400BE7723 /* PBXTargetDependency */,
			);
			name = UnitTestingUITests;
			productName = UnitTestingUITests;
			productReference = 705F7D7B1BFA2DE400BE7723 /* UnitTestingUITests.xctest */;
			productType = "com.apple.product-type.bundle.ui-testing";
		};
/* End PBXNativeTarget section */

/* Begin PBXProject section */
		705F7D541BFA2DE300BE7723 /* Project object */ = {
			isa = PBXProject;
			attributes = {
				LastSwiftUpdateCheck = 0710;
				LastUpgradeCheck = 0710;
				ORGANIZATIONNAME = "Open Closet";
				TargetAttributes = {
					705F7D5B1BFA2DE400BE7723 = {
						CreatedOnToolsVersion = 7.1.1;
					};
					705F7D6F1BFA2DE400BE7723 = {
						CreatedOnToolsVersion = 7.1.1;
						TestTargetID = 705F7D5B1BFA2DE400BE7723;
					};
					705F7D7A1BFA2DE400BE7723 = {
						CreatedOnToolsVersion = 7.1.1;
						TestTargetID = 705F7D5B1BFA2DE400BE7723;
					};
				};
			};
			buildConfigurationList = 705F7D571BFA2DE300BE7723 /* Build configuration list for PBXProject "UnitTesting" */;
			compatibilityVersion = "Xcode 3.2";
			developmentRegion = English;
			hasScannedForEncodings = 0;
			knownRegions = (
				en,
				Base,
			);
			mainGroup = 705F7D531BFA2DE300BE7723;
			productRefGroup = 705F7D5D1BFA2DE400BE7723 /* Products */;
			projectDirPath = "";
			projectRoot = "";
			targets = (
				705F7D5B1BFA2DE400BE7723 /* UnitTesting */,
				705F7D6F1BFA2DE400BE7723 /* UnitTestingTests */,
				705F7D7A1BFA2DE400BE7723 /* UnitTestingUITests */,
			);
		};
/* End PBXProject section */

/* Begin PBXResourcesBuildPhase section */
		705F7D5A1BFA2DE400BE7723 /* Resources */ = {
			isa = PBXResourcesBuildPhase;
			buildActionMask = 2147483647;
			files = (
				705F7D6A1BFA2DE400BE7723 /* LaunchScreen.storyboard in Resources */,
				705F7D671BFA2DE400BE7723 /* Assets.xcassets in Resources */,
				705F7D651BFA2DE400BE7723 /* Main.storyboard in Resources */,
			);
			runOnlyForDeploymentPostprocessing = 0;
		};
		705F7D6E1BFA2DE400BE7723 /* Resources */ = {
			isa = PBXResourcesBuildPhase;
			buildActionMask = 2147483647;
			files = (
			);
			runOnlyForDeploymentPostprocessing = 0;
		};
		705F7D791BFA2DE400BE7723 /* Resources */ = {
			isa = PBXResourcesBuildPhase;
			buildActionMask = 2147483647;
			files = (
			);
			runOnlyForDeploymentPostprocessing = 0;
		};
/* End PBXResourcesBuildPhase section */

/* Begin PBXSourcesBuildPhase section */
		705F7D581BFA2DE400BE7723 /* Sources */ = {
			isa = PBXSourcesBuildPhase;
			buildActionMask = 2147483647;
			files = (
				705F7D621BFA2DE400BE7723 /* ViewController.swift in Sources */,
				705F7D601BFA2DE400BE7723 /* AppDelegate.swift in Sources */,
			);
			runOnlyForDeploymentPostprocessing = 0;
		};
		705F7D6C1BFA2DE400BE7723 /* Sources */ = {
			isa = PBXSourcesBuildPhase;
			buildActionMask = 2147483647;
			files = (
				705F7D751BFA2DE400BE7723 /* UnitTestingTests.swift in Sources */,
			);
			runOnlyForDeploymentPostprocessing = 0;
		};
		705F7D771BFA2DE400BE7723 /* Sources */ = {
			isa = PBXSourcesBuildPhase;
			buildActionMask = 2147483647;
			files = (
				705F7D801BFA2DE400BE7723 /* UnitTestingUITests.swift in Sources */,
			);
			runOnlyForDeploymentPostprocessing = 0;
		};
/* End PBXSourcesBuildPhase section */

/* Begin PBXTargetDependency section */
		705F7D721BFA2DE400BE7723 /* PBXTargetDependency */ = {
			isa = PBXTargetDependency;
			target = 705F7D5B1BFA2DE400BE7723 /* UnitTesting */;
			targetProxy = 705F7D711BFA2DE400BE7723 /* PBXContainerItemProxy */;
		};
		705F7D7D1BFA2DE400BE7723 /* PBXTargetDependency */ = {
			isa = PBXTargetDependency;
			target = 705F7D5B1BFA2DE400BE7723 /* UnitTesting */;
			targetProxy = 705F7D7C1BFA2DE400BE7723 /* PBXContainerItemProxy */;
		};
/* End PBXTargetDependency section */

/* Begin PBXVariantGroup section */
		705F7D631BFA2DE400BE7723 /* Main.storyboard */ = {
			isa = PBXVariantGroup;
			children = (
				705F7D641BFA2DE400BE7723 /* Base */,
			);
			name = Main.storyboard;
			sourceTree = "<group>";
		};
		705F7D681BFA2DE400BE7723 /* LaunchScreen.storyboard */ = {
			isa = PBXVariantGroup;
			children = (
				705F7D691BFA2DE400BE7723 /* Base */,
			);
			name = LaunchScreen.storyboard;
			sourceTree = "<group>";
		};
/* End PBXVariantGroup section */

/* Begin XCBuildConfiguration section */
		705F7D821BFA2DE400BE7723 /* Debug */ = {
			isa = XCBuildConfiguration;
			buildSettings = {
				ALWAYS_SEARCH_USER_PATHS = NO;
				CLANG_CXX_LANGUAGE_STANDARD = "gnu++0x";
				CLANG_CXX_LIBRARY = "libc++";
				CLANG_ENABLE_MODULES = YES;
				CLANG_ENABLE_OBJC_ARC = YES;
				CLANG_WARN_BOOL_CONVERSION = YES;
				CLANG_WARN_CONSTANT_CONVERSION = YES;
				CLANG_WARN_DIRECT_OBJC_ISA_USAGE = YES_ERROR;
				CLANG_WARN_EMPTY_BODY = YES;
				CLANG_WARN_ENUM_CONVERSION = YES;
				CLANG_WARN_INT_CONVERSION = YES;
				CLANG_WARN_OBJC_ROOT_CLASS = YES_ERROR;
				CLANG_WARN_UNREACHABLE_CODE = YES;
				CLANG_WARN__DUPLICATE_METHOD_MATCH = YES;
				"CODE_SIGN_IDENTITY[sdk=iphoneos*]" = "iPhone Developer";
				COPY_PHASE_STRIP = NO;
				DEBUG_INFORMATION_FORMAT = dwarf;
				ENABLE_STRICT_OBJC_MSGSEND = YES;
				ENABLE_TESTABILITY = YES;
				GCC_C_LANGUAGE_STANDARD = gnu99;
				GCC_DYNAMIC_NO_PIC = NO;
				GCC_NO_COMMON_BLOCKS = YES;
				GCC_OPTIMIZATION_LEVEL = 0;
				GCC_PREPROCESSOR_DEFINITIONS = (
					"DEBUG=1",
					"$(inherited)",
				);
				GCC_WARN_64_TO_32_BIT_CONVERSION = YES;
				GCC_WARN_ABOUT_RETURN_TYPE = YES_ERROR;
				GCC_WARN_UNDECLARED_SELECTOR = YES;
				GCC_WARN_UNINITIALIZED_AUTOS = YES_AGGRESSIVE;
				GCC_WARN_UNUSED_FUNCTION = YES;
				GCC_WARN_UNUSED_VARIABLE = YES;
				IPHONEOS_DEPLOYMENT_TARGET = 9.1;
				MTL_ENABLE_DEBUG_INFO = YES;
				ONLY_ACTIVE_ARCH = YES;
				SDKROOT = iphoneos;
				SWIFT_OPTIMIZATION_LEVEL = "-Onone";
				TARGETED_DEVICE_FAMILY = "1,2";
			};
			name = Debug;
		};
		705F7D831BFA2DE400BE7723 /* Release */ = {
			isa = XCBuildConfiguration;
			buildSettings = {
				ALWAYS_SEARCH_USER_PATHS = NO;
				CLANG_CXX_LANGUAGE_STANDARD = "gnu++0x";
				CLANG_CXX_LIBRARY = "libc++";
				CLANG_ENABLE_MODULES = YES;
				CLANG_ENABLE_OBJC_ARC = YES;
				CLANG_WARN_BOOL_CONVERSION = YES;
				CLANG_WARN_CONSTANT_CONVERSION = YES;
				CLANG_WARN_DIRECT_OBJC_ISA_USAGE = YES_ERROR;
				CLANG_WARN_EMPTY_BODY = YES;
				CLANG_WARN_ENUM_CONVERSION = YES;
				CLANG_WARN_INT_CONVERSION = YES;
				CLANG_WARN_OBJC_ROOT_CLASS = YES_ERROR;
				CLANG_WARN_UNREACHABLE_CODE = YES;
				CLANG_WARN__DUPLICATE_METHOD_MATCH = YES;
				"CODE_SIGN_IDENTITY[sdk=iphoneos*]" = "iPhone Developer";
				COPY_PHASE_STRIP = NO;
				DEBUG_INFORMATION_FORMAT = "dwarf-with-dsym";
				ENABLE_NS_ASSERTIONS = NO;
				ENABLE_STRICT_OBJC_MSGSEND = YES;
				GCC_C_LANGUAGE_STANDARD = gnu99;
				GCC_NO_COMMON_BLOCKS = YES;
				GCC_WARN_64_TO_32_BIT_CONVERSION = YES;
				GCC_WARN_ABOUT_RETURN_TYPE = YES_ERROR;
				GCC_WARN_UNDECLARED_SELECTOR = YES;
				GCC_WARN_UNINITIALIZED_AUTOS = YES_AGGRESSIVE;
				GCC_WARN_UNUSED_FUNCTION = YES;
				GCC_WARN_UNUSED_VARIABLE = YES;
				IPHONEOS_DEPLOYMENT_TARGET = 9.1;
				MTL_ENABLE_DEBUG_INFO = NO;
				SDKROOT = iphoneos;
				TARGETED_DEVICE_FAMILY = "1,2";
				VALIDATE_PRODUCT = YES;
			};
			name = Release;
		};
		705F7D851BFA2DE400BE7723 /* Debug */ = {
			isa = XCBuildConfiguration;
			buildSettings = {
				ASSETCATALOG_COMPILER_APPICON_NAME = AppIcon;
				INFOPLIST_FILE = UnitTesting/Info.plist;
				LD_RUNPATH_SEARCH_PATHS = "$(inherited) @executable_path/Frameworks";
				PRODUCT_BUNDLE_IDENTIFIER = ca.opencloset.UnitTesting;
				PRODUCT_NAME = "$(TARGET_NAME)";
			};
			name = Debug;
		};
		705F7D861BFA2DE400BE7723 /* Release */ = {
			isa = XCBuildConfiguration;
			buildSettings = {
				ASSETCATALOG_COMPILER_APPICON_NAME = AppIcon;
				INFOPLIST_FILE = UnitTesting/Info.plist;
				LD_RUNPATH_SEARCH_PATHS = "$(inherited) @executable_path/Frameworks";
				PRODUCT_BUNDLE_IDENTIFIER = ca.opencloset.UnitTesting;
				PRODUCT_NAME = "$(TARGET_NAME)";
			};
			name = Release;
		};
		705F7D881BFA2DE400BE7723 /* Debug */ = {
			isa = XCBuildConfiguration;
			buildSettings = {
				BUNDLE_LOADER = "$(TEST_HOST)";
				INFOPLIST_FILE = UnitTestingTests/Info.plist;
				LD_RUNPATH_SEARCH_PATHS = "$(inherited) @executable_path/Frameworks @loader_path/Frameworks";
				PRODUCT_BUNDLE_IDENTIFIER = ca.opencloset.UnitTestingTests;
				PRODUCT_NAME = "$(TARGET_NAME)";
				TEST_HOST = "$(BUILT_PRODUCTS_DIR)/UnitTesting.app/UnitTesting";
			};
			name = Debug;
		};
		705F7D891BFA2DE400BE7723 /* Release */ = {
			isa = XCBuildConfiguration;
			buildSettings = {
				BUNDLE_LOADER = "$(TEST_HOST)";
				INFOPLIST_FILE = UnitTestingTests/Info.plist;
				LD_RUNPATH_SEARCH_PATHS = "$(inherited) @executable_path/Frameworks @loader_path/Frameworks";
				PRODUCT_BUNDLE_IDENTIFIER = ca.opencloset.UnitTestingTests;
				PRODUCT_NAME = "$(TARGET_NAME)";
				TEST_HOST = "$(BUILT_PRODUCTS_DIR)/UnitTesting.app/UnitTesting";
			};
			name = Release;
		};
		705F7D8B1BFA2DE400BE7723 /* Debug */ = {
			isa = XCBuildConfiguration;
			buildSettings = {
				INFOPLIST_FILE = UnitTestingUITests/Info.plist;
				LD_RUNPATH_SEARCH_PATHS = "$(inherited) @executable_path/Frameworks @loader_path/Frameworks";
				PRODUCT_BUNDLE_IDENTIFIER = ca.opencloset.UnitTestingUITests;
				PRODUCT_NAME = "$(TARGET_NAME)";
				TEST_TARGET_NAME = UnitTesting;
				USES_XCTRUNNER = YES;
			};
			name = Debug;
		};
		705F7D8C1BFA2DE400BE7723 /* Release */ = {
			isa = XCBuildConfiguration;
			buildSettings = {
				INFOPLIST_FILE = UnitTestingUITests/Info.plist;
				LD_RUNPATH_SEARCH_PATHS = "$(inherited) @executable_path/Frameworks @loader_path/Frameworks";
				PRODUCT_BUNDLE_IDENTIFIER = ca.opencloset.UnitTestingUITests;
				PRODUCT_NAME = "$(TARGET_NAME)";
				TEST_TARGET_NAME = UnitTesting;
				USES_XCTRUNNER = YES;
			};
			name = Release;
		};
/* End XCBuildConfiguration section */

/* Begin XCConfigurationList section */
		705F7D571BFA2DE300BE7723 /* Build configuration list for PBXProject "UnitTesting" */ = {
			isa = XCConfigurationList;
			buildConfigurations = (
				705F7D821BFA2DE400BE7723 /* Debug */,
				705F7D831BFA2DE400BE7723 /* Release */,
			);
			defaultConfigurationIsVisible = 0;
			defaultConfigurationName = Release;
		};
		705F7D841BFA2DE400BE7723 /* Build configuration list for PBXNativeTarget "UnitTesting" */ = {
			isa = XCConfigurationList;
			buildConfigurations = (
				705F7D851BFA2DE400BE7723 /* Debug */,
				705F7D861BFA2DE400BE7723 /* Release */,
			);
			defaultConfigurationIsVisible = 0;
		};
		705F7D871BFA2DE400BE7723 /* Build configuration list for PBXNativeTarget "UnitTestingTests" */ = {
			isa = XCConfigurationList;
			buildConfigurations = (
				705F7D881BFA2DE400BE7723 /* Debug */,
				705F7D891BFA2DE400BE7723 /* Release */,
			);
			defaultConfigurationIsVisible = 0;
		};
		705F7D8A1BFA2DE400BE7723 /* Build configuration list for PBXNativeTarget "UnitTestingUITests" */ = {
			isa = XCConfigurationList;
			buildConfigurations = (
				705F7D8B1BFA2DE400BE7723 /* Debug */,
				705F7D8C1BFA2DE400BE7723 /* Release */,
			);
			defaultConfigurationIsVisible = 0;
		};
/* End XCConfigurationList section */
	};
	rootObject = 705F7D541BFA2DE300BE7723 /* Project object */;
}
